Microsoft Visual Studio Solution File, Format Version 12.00
# Visual Studio Version 17
VisualStudioVersion = 17.5.2.0
MinimumVisualStudioVersion = 10.0.40219.1
Project("{2150E333-8FDC-42A3-9474-1A3956D46DE8}") = "1_Beginner", "1_Beginner", "{E89EDFB4-898B-44CF-2F82-6FBFFAD04EA1}"
EndProject
Project("{2150E333-8FDC-42A3-9474-1A3956D46DE8}") = "2_Intermediate", "2_Intermediate", "{F3A8D2C1-E7B4-5690-AC3F-D2E1B8F4A7C5}"
EndProject
Project("{2150E333-8FDC-42A3-9474-1A3956D46DE8}") = "1_Resilience_Patterns", "1_Resilience_Patterns", "{D1E2F3A4-B5C6-7890-D123-890123400010}"
EndProject
Project("{FAE04EC0-301F-11D3-BF4B-00C04F79EFBC}") = "1.2_Circuit_Breaker_Code", "2_Intermediate\1_Resilience_Patterns\1.2_Circuit_Breaker_Code.csproj", "{E2F3A4B5-C6D7-8901-E234-901234500011}"
EndProject
Project("{FAE04EC0-301F-11D3-BF4B-00C04F79EFBC}") = "1.4_Distributed_Lock_Code", "2_Intermediate\1_Resilience_Patterns\1.4_Distributed_Lock_Code.csproj", "{F3A4B5C6-D7E8-9012-F345-012345600012}"
EndProject
Project("{FAE04EC0-301F-11D3-BF4B-00C04F79EFBC}") = "1.6_Idempotency_Code", "2_Intermediate\1_Resilience_Patterns\1.6_Idempotency_Code.csproj", "{A4B5C6D7-E8F9-0123-A456-123456700013}"
EndProject
Project("{2150E333-8FDC-42A3-9474-1A3956D46DE8}") = "2_Data_Patterns", "2_Data_Patterns", "{B5C6D7E8-F9A0-1234-B567-234567800014}"
EndProject
Project("{FAE04EC0-301F-11D3-BF4B-00C04F79EFBC}") = "2.2_Saga_Pattern_Code", "2_Intermediate\2_Data_Patterns\2.2_Saga_Pattern_Code.csproj", "{C6D7E8F9-A0B1-2345-C678-345678900015}"
EndProject
Project("{FAE04EC0-301F-11D3-BF4B-00C04F79EFBC}") = "2.4_CQRS_Code", "2_Intermediate\2_Data_Patterns\2.4_CQRS_Code.csproj", "{D7E8F9A0-B1C2-3456-D789-456789000016}"
EndProject
Project("{FAE04EC0-301F-11D3-BF4B-00C04F79EFBC}") = "2.6_Schema_Migrations_Code", "2_Intermediate\2_Data_Patterns\2.6_Schema_Migrations_Code.csproj", "{E8F9A0B1-C2D3-4567-E890-567890100017}"
EndProject
Project("{2150E333-8FDC-42A3-9474-1A3956D46DE8}") = "3_Infrastructure", "3_Infrastructure", "{A0B1C2D3-E4F5-6789-A012-789012300019}"
EndProject
Project("{FAE04EC0-301F-11D3-BF4B-00C04F79EFBC}") = "3.2_API_Gateway_Code", "2_Intermediate\3_Infrastructure\3.2_API_Gateway_Code.csproj", "{F9A0B1C2-D3E4-5678-F901-678901200018}"
EndProject
Project("{FAE04EC0-301F-11D3-BF4B-00C04F79EFBC}") = "3.4_Reverse_Proxy_Code", "2_Intermediate\3_Infrastructure\3.4_Reverse_Proxy_Code.csproj", "{B1C2D3E4-F5A6-7890-B123-890123400020}"
EndProject
Project("{FAE04EC0-301F-11D3-BF4B-00C04F79EFBC}") = "3.6_Logging_And_Monitoring_Code", "2_Intermediate\3_Infrastructure\3.6_Logging_And_Monitoring_Code.csproj", "{C2D3E4F5-A6B7-8901-C234-901234500021}"
EndProject
Project("{FAE04EC0-301F-11D3-BF4B-00C04F79EFBC}") = "3.8_Notification_System_Code", "2_Intermediate\3_Infrastructure\3.8_Notification_System_Code.csproj", "{D3E4F5A6-B7C8-9012-D345-012345600022}"
EndProject
Project("{2150E333-8FDC-42A3-9474-1A3956D46DE8}") = "3_Advanced", "3_Advanced", "{D8C4F1A2-B3E7-4896-2C4D-E8A1F5B2C9D3}"
EndProject
Project("{2150E333-8FDC-42A3-9474-1A3956D46DE8}") = "1_Scalability", "1_Scalability", "{DA3AD826-230E-D34D-86B4-0EE2C585B230}"
EndProject
Project("{FAE04EC0-301F-11D3-BF4B-00C04F79EFBC}") = "1.4.1_HorizontalAndVerticalScaling", "1_Beginner\1_Scalability\1.4.1_HorizontalAndVerticalScaling.csproj", "{C87EF39E-EAA4-4C6C-FA09-A8155B7B5083}"
EndProject
Project("{FAE04EC0-301F-11D3-BF4B-00C04F79EFBC}") = "1.3.1_ConsistentHashing", "1_Beginner\1_Scalability\1.3.1_ConsistentHashing.csproj", "{67426CB0-BB2F-B121-8ABF-1DFCCD4D7912}"
EndProject
Project("{FAE04EC0-301F-11D3-BF4B-00C04F79EFBC}") = "1.5.1_Sharding_Code", "1_Beginner\1_Scalability\1.5.1_Sharding_Code.csproj", "{9C936FE8-0152-9E33-D874-86B1EFA1A120}"
EndProject
Project("{2150E333-8FDC-42A3-9474-1A3956D46DE8}") = "2_Network_and_Traffic_Management", "2_Network_and_Traffic_Management", "{C918E368-3D49-99B0-0173-985CEDF9B207}"
EndProject
Project("{FAE04EC0-301F-11D3-BF4B-00C04F79EFBC}") = "1.4.3_CDN_Algos_V2", "1_Beginner\2_Network_and_Traffic_Management\1.4.3_CDN_Algos_V2.csproj", "{99E7DB61-76CE-DC7F-D4F8-3DEC88647FEF}"
EndProject
Project("{FAE04EC0-301F-11D3-BF4B-00C04F79EFBC}") = "1.3.1_Load_Balancer_Algos", "1_Beginner\2_Network_and_Traffic_Management\1.3.1_Load_Balancer_Algos.csproj", "{1E957358-99B2-BCCE-852A-2AF3C7C8EC06}"
EndProject
Project("{FAE04EC0-301F-11D3-BF4B-00C04F79EFBC}") = "1.4.2_CDN_Algos", "1_Beginner\2_Network_and_Traffic_Management\1.4.2_CDN_Algos.csproj", "{D7BAFDDC-42A1-0832-5FF3-B022974D6BDA}"
EndProject
Project("{2150E333-8FDC-42A3-9474-1A3956D46DE8}") = "4_Data_and_Storage", "4_Data_and_Storage", "{A5C2E891-D347-4B6F-92AC-E8F1D3A70B25}"
EndProject
Project("{FAE04EC0-301F-11D3-BF4B-00C04F79EFBC}") = "4.5.1_SQLvsNoSQL_Code", "1_Beginner\4_Data_and_Storage\4.5.1_SQLvsNoSQL_Code.csproj", "{C9E4F821-D735-4A6B-B3D2-F1A8C5E79043}"
EndProject
Project("{2150E333-8FDC-42A3-9474-1A3956D46DE8}") = "7_Architecture_Fundamentals", "7_Architecture_Fundamentals", "{A2B3C4D5-E6F7-8901-BCDE-F12345678901}"
EndProject
Project("{FAE04EC0-301F-11D3-BF4B-00C04F79EFBC}") = "7.4_Rate_Limiting_Algos", "1_Beginner\7_Architecture_Fundamentals\7.4_Rate_Limiting_Algos.csproj", "{B3C4D5E6-F7A8-9012-CDEF-012345678902}"
EndProject
Project("{FAE04EC0-301F-11D3-BF4B-00C04F79EFBC}") = "7.5_Leaky_Bucket_Rate_Limiter", "1_Beginner\7_Architecture_Fundamentals\7.5_Leaky_Bucket_Rate_Limiter.csproj", "{C4D5E6F7-A8B9-0123-DEF0-123456789003}"
EndProject
Project("{FAE04EC0-301F-11D3-BF4B-00C04F79EFBC}") = "7.6_JWT_Stateless_Auth", "1_Beginner\7_Architecture_Fundamentals\7.6_JWT_Stateless_Auth.csproj", "{D5E6F7A8-B9C0-1234-EF01-234567890004}"
EndProject
Project("{FAE04EC0-301F-11D3-BF4B-00C04F79EFBC}") = "7.7_Service_Registry_With_HealthCheck", "1_Beginner\7_Architecture_Fundamentals\7.7_Service_Registry_With_HealthCheck.csproj", "{E6F7A8B9-C0D1-2345-F012-345678900005}"
EndProject
Project("{2150E333-8FDC-42A3-9474-1A3956D46DE8}") = "8_PubSub_and_Async", "8_PubSub_and_Async", "{F7A8B9C0-D1E2-3456-0123-456789000006}"
EndProject
Project("{FAE04EC0-301F-11D3-BF4B-00C04F79EFBC}") = "8.4_InMemory_PubSub_Broker", "1_Beginner\8_PubSub_and_Async\8.4_InMemory_PubSub_Broker.csproj", "{A8B9C0D1-E2F3-4567-1234-567890000007}"
EndProject
Project("{FAE04EC0-301F-11D3-BF4B-00C04F79EFBC}") = "8.5_FanOut_Pattern_SQS_SNS", "1_Beginner\8_PubSub_and_Async\8.5_FanOut_Pattern_SQS_SNS.csproj", "{B9C0D1E2-F3A4-5678-2345-678900000008}"
EndProject
Project("{FAE04EC0-301F-11D3-BF4B-00C04F79EFBC}") = "8.6_Kafka_Style_Consumer_Groups", "1_Beginner\8_PubSub_and_Async\8.6_Kafka_Style_Consumer_Groups.csproj", "{C0D1E2F3-A4B5-6789-3456-789000000009}"
EndProject
Global
	GlobalSection(SolutionConfigurationPlatforms) = preSolution
		Debug|Any CPU = Debug|Any CPU
		Release|Any CPU = Release|Any CPU
	EndGlobalSection
	GlobalSection(ProjectConfigurationPlatforms) = postSolution
		{C87EF39E-EAA4-4C6C-FA09-A8155B7B5083}.Debug|Any CPU.ActiveCfg = Debug|Any CPU
		{C87EF39E-EAA4-4C6C-FA09-A8155B7B5083}.Debug|Any CPU.Build.0 = Debug|Any CPU
		{C87EF39E-EAA4-4C6C-FA09-A8155B7B5083}.Release|Any CPU.ActiveCfg = Release|Any CPU
		{C87EF39E-EAA4-4C6C-FA09-A8155B7B5083}.Release|Any CPU.Build.0 = Release|Any CPU
		{67426CB0-BB2F-B121-8ABF-1DFCCD4D7912}.Debug|Any CPU.ActiveCfg = Debug|Any CPU
		{67426CB0-BB2F-B121-8ABF-1DFCCD4D7912}.Debug|Any CPU.Build.0 = Debug|Any CPU
		{67426CB0-BB2F-B121-8ABF-1DFCCD4D7912}.Release|Any CPU.ActiveCfg = Release|Any CPU
		{67426CB0-BB2F-B121-8ABF-1DFCCD4D7912}.Release|Any CPU.Build.0 = Release|Any CPU
		{9C936FE8-0152-9E33-D874-86B1EFA1A120}.Debug|Any CPU.ActiveCfg = Debug|Any CPU
		{9C936FE8-0152-9E33-D874-86B1EFA1A120}.Debug|Any CPU.Build.0 = Debug|Any CPU
		{9C936FE8-0152-9E33-D874-86B1EFA1A120}.Release|Any CPU.ActiveCfg = Release|Any CPU
		{9C936FE8-0152-9E33-D874-86B1EFA1A120}.Release|Any CPU.Build.0 = Release|Any CPU
		{99E7DB61-76CE-DC7F-D4F8-3DEC88647FEF}.Debug|Any CPU.ActiveCfg = Debug|Any CPU
		{99E7DB61-76CE-DC7F-D4F8-3DEC88647FEF}.Debug|Any CPU.Build.0 = Debug|Any CPU
		{99E7DB61-76CE-DC7F-D4F8-3DEC88647FEF}.Release|Any CPU.ActiveCfg = Release|Any CPU
		{99E7DB61-76CE-DC7F-D4F8-3DEC88647FEF}.Release|Any CPU.Build.0 = Release|Any CPU
		{1E957358-99B2-BCCE-852A-2AF3C7C8EC06}.Debug|Any CPU.ActiveCfg = Debug|Any CPU
		{1E957358-99B2-BCCE-852A-2AF3C7C8EC06}.Debug|Any CPU.Build.0 = Debug|Any CPU
		{1E957358-99B2-BCCE-852A-2AF3C7C8EC06}.Release|Any CPU.ActiveCfg = Release|Any CPU
		{1E957358-99B2-BCCE-852A-2AF3C7C8EC06}.Release|Any CPU.Build.0 = Release|Any CPU
		{D7BAFDDC-42A1-0832-5FF3-B022974D6BDA}.Debug|Any CPU.ActiveCfg = Debug|Any CPU
		{D7BAFDDC-42A1-0832-5FF3-B022974D6BDA}.Debug|Any CPU.Build.0 = Debug|Any CPU
		{D7BAFDDC-42A1-0832-5FF3-B022974D6BDA}.Release|Any CPU.ActiveCfg = Release|Any CPU
		{D7BAFDDC-42A1-0832-5FF3-B022974D6BDA}.Release|Any CPU.Build.0 = Release|Any CPU
		{C9E4F821-D735-4A6B-B3D2-F1A8C5E79043}.Debug|Any CPU.ActiveCfg = Debug|Any CPU
		{C9E4F821-D735-4A6B-B3D2-F1A8C5E79043}.Debug|Any CPU.Build.0 = Debug|Any CPU
		{C9E4F821-D735-4A6B-B3D2-F1A8C5E79043}.Release|Any CPU.ActiveCfg = Release|Any CPU
		{C9E4F821-D735-4A6B-B3D2-F1A8C5E79043}.Release|Any CPU.Build.0 = Release|Any CPU
		{B3C4D5E6-F7A8-9012-CDEF-012345678902}.Debug|Any CPU.ActiveCfg = Debug|Any CPU
		{B3C4D5E6-F7A8-9012-CDEF-012345678902}.Debug|Any CPU.Build.0 = Debug|Any CPU
		{B3C4D5E6-F7A8-9012-CDEF-012345678902}.Release|Any CPU.ActiveCfg = Release|Any CPU
		{B3C4D5E6-F7A8-9012-CDEF-012345678902}.Release|Any CPU.Build.0 = Release|Any CPU
		{C4D5E6F7-A8B9-0123-DEF0-123456789003}.Debug|Any CPU.ActiveCfg = Debug|Any CPU
		{C4D5E6F7-A8B9-0123-DEF0-123456789003}.Debug|Any CPU.Build.0 = Debug|Any CPU
		{C4D5E6F7-A8B9-0123-DEF0-123456789003}.Release|Any CPU.ActiveCfg = Release|Any CPU
		{C4D5E6F7-A8B9-0123-DEF0-123456789003}.Release|Any CPU.Build.0 = Release|Any CPU
		{D5E6F7A8-B9C0-1234-EF01-234567890004}.Debug|Any CPU.ActiveCfg = Debug|Any CPU
		{D5E6F7A8-B9C0-1234-EF01-234567890004}.Debug|Any CPU.Build.0 = Debug|Any CPU
		{D5E6F7A8-B9C0-1234-EF01-234567890004}.Release|Any CPU.ActiveCfg = Release|Any CPU
		{D5E6F7A8-B9C0-1234-EF01-234567890004}.Release|Any CPU.Build.0 = Release|Any CPU
		{E6F7A8B9-C0D1-2345-F012-345678900005}.Debug|Any CPU.ActiveCfg = Debug|Any CPU
		{E6F7A8B9-C0D1-2345-F012-345678900005}.Debug|Any CPU.Build.0 = Debug|Any CPU
		{E6F7A8B9-C0D1-2345-F012-345678900005}.Release|Any CPU.ActiveCfg = Release|Any CPU
		{E6F7A8B9-C0D1-2345-F012-345678900005}.Release|Any CPU.Build.0 = Release|Any CPU
		{A8B9C0D1-E2F3-4567-1234-567890000007}.Debug|Any CPU.ActiveCfg = Debug|Any CPU
		{A8B9C0D1-E2F3-4567-1234-567890000007}.Debug|Any CPU.Build.0 = Debug|Any CPU
		{A8B9C0D1-E2F3-4567-1234-567890000007}.Release|Any CPU.ActiveCfg = Release|Any CPU
		{A8B9C0D1-E2F3-4567-1234-567890000007}.Release|Any CPU.Build.0 = Release|Any CPU
		{B9C0D1E2-F3A4-5678-2345-678900000008}.Debug|Any CPU.ActiveCfg = Debug|Any CPU
		{B9C0D1E2-F3A4-5678-2345-678900000008}.Debug|Any CPU.Build.0 = Debug|Any CPU
		{B9C0D1E2-F3A4-5678-2345-678900000008}.Release|Any CPU.ActiveCfg = Release|Any CPU
		{B9C0D1E2-F3A4-5678-2345-678900000008}.Release|Any CPU.Build.0 = Release|Any CPU
		{C0D1E2F3-A4B5-6789-3456-789000000009}.Debug|Any CPU.ActiveCfg = Debug|Any CPU
		{C0D1E2F3-A4B5-6789-3456-789000000009}.Debug|Any CPU.Build.0 = Debug|Any CPU
		{C0D1E2F3-A4B5-6789-3456-789000000009}.Release|Any CPU.ActiveCfg = Release|Any CPU
		{C0D1E2F3-A4B5-6789-3456-789000000009}.Release|Any CPU.Build.0 = Release|Any CPU
		{E2F3A4B5-C6D7-8901-E234-901234500011}.Debug|Any CPU.ActiveCfg = Debug|Any CPU
		{E2F3A4B5-C6D7-8901-E234-901234500011}.Debug|Any CPU.Build.0 = Debug|Any CPU
		{E2F3A4B5-C6D7-8901-E234-901234500011}.Release|Any CPU.ActiveCfg = Release|Any CPU
		{E2F3A4B5-C6D7-8901-E234-901234500011}.Release|Any CPU.Build.0 = Release|Any CPU
		{F3A4B5C6-D7E8-9012-F345-012345600012}.Debug|Any CPU.ActiveCfg = Debug|Any CPU
		{F3A4B5C6-D7E8-9012-F345-012345600012}.Debug|Any CPU.Build.0 = Debug|Any CPU
		{F3A4B5C6-D7E8-9012-F345-012345600012}.Release|Any CPU.ActiveCfg = Release|Any CPU
		{F3A4B5C6-D7E8-9012-F345-012345600012}.Release|Any CPU.Build.0 = Release|Any CPU
		{A4B5C6D7-E8F9-0123-A456-123456700013}.Debug|Any CPU.ActiveCfg = Debug|Any CPU
		{A4B5C6D7-E8F9-0123-A456-123456700013}.Debug|Any CPU.Build.0 = Debug|Any CPU
		{A4B5C6D7-E8F9-0123-A456-123456700013}.Release|Any CPU.ActiveCfg = Release|Any CPU
		{A4B5C6D7-E8F9-0123-A456-123456700013}.Release|Any CPU.Build.0 = Release|Any CPU
		{C6D7E8F9-A0B1-2345-C678-345678900015}.Debug|Any CPU.ActiveCfg = Debug|Any CPU
		{C6D7E8F9-A0B1-2345-C678-345678900015}.Debug|Any CPU.Build.0 = Debug|Any CPU
		{C6D7E8F9-A0B1-2345-C678-345678900015}.Release|Any CPU.ActiveCfg = Release|Any CPU
		{C6D7E8F9-A0B1-2345-C678-345678900015}.Release|Any CPU.Build.0 = Release|Any CPU
		{D7E8F9A0-B1C2-3456-D789-456789000016}.Debug|Any CPU.ActiveCfg = Debug|Any CPU
		{D7E8F9A0-B1C2-3456-D789-456789000016}.Debug|Any CPU.Build.0 = Debug|Any CPU
		{D7E8F9A0-B1C2-3456-D789-456789000016}.Release|Any CPU.ActiveCfg = Release|Any CPU
		{D7E8F9A0-B1C2-3456-D789-456789000016}.Release|Any CPU.Build.0 = Release|Any CPU
		{E8F9A0B1-C2D3-4567-E890-567890100017}.Debug|Any CPU.ActiveCfg = Debug|Any CPU
		{E8F9A0B1-C2D3-4567-E890-567890100017}.Debug|Any CPU.Build.0 = Debug|Any CPU
		{E8F9A0B1-C2D3-4567-E890-567890100017}.Release|Any CPU.ActiveCfg = Release|Any CPU
		{E8F9A0B1-C2D3-4567-E890-567890100017}.Release|Any CPU.Build.0 = Release|Any CPU
		{F9A0B1C2-D3E4-5678-F901-678901200018}.Debug|Any CPU.ActiveCfg = Debug|Any CPU
		{F9A0B1C2-D3E4-5678-F901-678901200018}.Debug|Any CPU.Build.0 = Debug|Any CPU
		{F9A0B1C2-D3E4-5678-F901-678901200018}.Release|Any CPU.ActiveCfg = Release|Any CPU
		{F9A0B1C2-D3E4-5678-F901-678901200018}.Release|Any CPU.Build.0 = Release|Any CPU
		{B1C2D3E4-F5A6-7890-B123-890123400020}.Debug|Any CPU.ActiveCfg = Debug|Any CPU
		{B1C2D3E4-F5A6-7890-B123-890123400020}.Debug|Any CPU.Build.0 = Debug|Any CPU
		{B1C2D3E4-F5A6-7890-B123-890123400020}.Release|Any CPU.ActiveCfg = Release|Any CPU
		{B1C2D3E4-F5A6-7890-B123-890123400020}.Release|Any CPU.Build.0 = Release|Any CPU
		{C2D3E4F5-A6B7-8901-C234-901234500021}.Debug|Any CPU.ActiveCfg = Debug|Any CPU
		{C2D3E4F5-A6B7-8901-C234-901234500021}.Debug|Any CPU.Build.0 = Debug|Any CPU
		{C2D3E4F5-A6B7-8901-C234-901234500021}.Release|Any CPU.ActiveCfg = Release|Any CPU
		{C2D3E4F5-A6B7-8901-C234-901234500021}.Release|Any CPU.Build.0 = Release|Any CPU
		{D3E4F5A6-B7C8-9012-D345-012345600022}.Debug|Any CPU.ActiveCfg = Debug|Any CPU
		{D3E4F5A6-B7C8-9012-D345-012345600022}.Debug|Any CPU.Build.0 = Debug|Any CPU
		{D3E4F5A6-B7C8-9012-D345-012345600022}.Release|Any CPU.ActiveCfg = Release|Any CPU
		{D3E4F5A6-B7C8-9012-D345-012345600022}.Release|Any CPU.Build.0 = Release|Any CPU
	EndGlobalSection
	GlobalSection(SolutionProperties) = preSolution
		HideSolutionNode = FALSE
	EndGlobalSection
	GlobalSection(NestedProjects) = preSolution
		{DA3AD826-230E-D34D-86B4-0EE2C585B230} = {E89EDFB4-898B-44CF-2F82-6FBFFAD04EA1}
		{C87EF39E-EAA4-4C6C-FA09-A8155B7B5083} = {DA3AD826-230E-D34D-86B4-0EE2C585B230}
		{67426CB0-BB2F-B121-8ABF-1DFCCD4D7912} = {DA3AD826-230E-D34D-86B4-0EE2C585B230}
		{9C936FE8-0152-9E33-D874-86B1EFA1A120} = {DA3AD826-230E-D34D-86B4-0EE2C585B230}
		{C918E368-3D49-99B0-0173-985CEDF9B207} = {E89EDFB4-898B-44CF-2F82-6FBFFAD04EA1}
		{99E7DB61-76CE-DC7F-D4F8-3DEC88647FEF} = {C918E368-3D49-99B0-0173-985CEDF9B207}
		{1E957358-99B2-BCCE-852A-2AF3C7C8EC06} = {C918E368-3D49-99B0-0173-985CEDF9B207}
		{D7BAFDDC-42A1-0832-5FF3-B022974D6BDA} = {C918E368-3D49-99B0-0173-985CEDF9B207}
		{A5C2E891-D347-4B6F-92AC-E8F1D3A70B25} = {E89EDFB4-898B-44CF-2F82-6FBFFAD04EA1}
		{C9E4F821-D735-4A6B-B3D2-F1A8C5E79043} = {A5C2E891-D347-4B6F-92AC-E8F1D3A70B25}
		{A2B3C4D5-E6F7-8901-BCDE-F12345678901} = {E89EDFB4-898B-44CF-2F82-6FBFFAD04EA1}
		{B3C4D5E6-F7A8-9012-CDEF-012345678902} = {A2B3C4D5-E6F7-8901-BCDE-F12345678901}
		{C4D5E6F7-A8B9-0123-DEF0-123456789003} = {A2B3C4D5-E6F7-8901-BCDE-F12345678901}
		{D5E6F7A8-B9C0-1234-EF01-234567890004} = {A2B3C4D5-E6F7-8901-BCDE-F12345678901}
		{E6F7A8B9-C0D1-2345-F012-345678900005} = {A2B3C4D5-E6F7-8901-BCDE-F12345678901}
		{F7A8B9C0-D1E2-3456-0123-456789000006} = {E89EDFB4-898B-44CF-2F82-6FBFFAD04EA1}
		{A8B9C0D1-E2F3-4567-1234-567890000007} = {F7A8B9C0-D1E2-3456-0123-456789000006}
		{B9C0D1E2-F3A4-5678-2345-678900000008} = {F7A8B9C0-D1E2-3456-0123-456789000006}
		{C0D1E2F3-A4B5-6789-3456-789000000009} = {F7A8B9C0-D1E2-3456-0123-456789000006}
		{D1E2F3A4-B5C6-7890-D123-890123400010} = {F3A8D2C1-E7B4-5690-AC3F-D2E1B8F4A7C5}
		{E2F3A4B5-C6D7-8901-E234-901234500011} = {D1E2F3A4-B5C6-7890-D123-890123400010}
		{F3A4B5C6-D7E8-9012-F345-012345600012} = {D1E2F3A4-B5C6-7890-D123-890123400010}
		{A4B5C6D7-E8F9-0123-A456-123456700013} = {D1E2F3A4-B5C6-7890-D123-890123400010}
		{B5C6D7E8-F9A0-1234-B567-234567800014} = {F3A8D2C1-E7B4-5690-AC3F-D2E1B8F4A7C5}
		{C6D7E8F9-A0B1-2345-C678-345678900015} = {B5C6D7E8-F9A0-1234-B567-234567800014}
		{D7E8F9A0-B1C2-3456-D789-456789000016} = {B5C6D7E8-F9A0-1234-B567-234567800014}
		{E8F9A0B1-C2D3-4567-E890-567890100017} = {B5C6D7E8-F9A0-1234-B567-234567800014}
		{A0B1C2D3-E4F5-6789-A012-789012300019} = {F3A8D2C1-E7B4-5690-AC3F-D2E1B8F4A7C5}
		{F9A0B1C2-D3E4-5678-F901-678901200018} = {A0B1C2D3-E4F5-6789-A012-789012300019}
		{B1C2D3E4-F5A6-7890-B123-890123400020} = {A0B1C2D3-E4F5-6789-A012-789012300019}
		{C2D3E4F5-A6B7-8901-C234-901234500021} = {A0B1C2D3-E4F5-6789-A012-789012300019}
		{D3E4F5A6-B7C8-9012-D345-012345600022} = {A0B1C2D3-E4F5-6789-A012-789012300019}
	EndGlobalSection
	GlobalSection(ExtensibilityGlobals) = postSolution
		SolutionGuid = {637E19A1-8C9E-4C2E-AE00-67E586EEDE57}
	EndGlobalSection
EndGlobal
